PODS:
  - RIBs (0.9.3):
    - RxRelay (~> 6.5.0)
    - RxSwift (~> 6.5.0)
  - RxCocoa (6.5.0):
    - RxRelay (= 6.5.0)
    - RxSwift (= 6.5.0)
  - RxRelay (6.5.0):
    - RxSwift (= 6.5.0)
  - RxSwift (6.5.0)
  - SnapKit (5.6.0)

DEPENDENCIES:
  - RIBs (from `https://github.com/uber/RIBs.git`)
  - RxCocoa
  - SnapKit

SPEC REPOS:
  trunk:
    - RxCocoa
    - RxRelay
    - RxSwift
    - SnapKit

EXTERNAL SOURCES:
  RIBs:
    :git: https://github.com/uber/RIBs.git

CHECKOUT OPTIONS:
  RIBs:
    :commit: 73a59588319ae23d2a771df0aebc6710bc21bac3
    :git: https://github.com/uber/RIBs.git

SPEC CHECKSUMS:
  RIBs: 77685927ce19e6fbc4931c0a35c9ac2ac5271495
  RxCocoa: 94f817b71c07517321eb4f9ad299112ca8af743b
  RxRelay: 1de1523e604c72b6c68feadedd1af3b1b4d0ecbd
  RxSwift: 5710a9e6b17f3c3d6e40d6e559b9fa1e813b2ef8
  SnapKit: e01d52ebb8ddbc333eefe2132acf85c8227d9c25

PODFILE CHECKSUM: c659210074010c64cd5e8ece6ad36c9caa023da3

COCOAPODS: 1.12.0
